// !$*UTF8*$!
{
	archiveVersion = 1;
	classes = {
	};
	objectVersion = 48;
	objects = {

/* Begin PBXBuildFile section */
		35502D13740AB791B9EAA5BC /* Pods_FoursquareTests.framework in Frameworks */ = {isa = PBXBuildFile; fileRef = 78608832D51F9CE1A243E793 /* Pods_FoursquareTests.framework */; };
		B1B6D6AB207F918A00C53351 /* AppDelegate.swift in Sources */ = {isa = PBXBuildFile; fileRef = B1B6D6AA207F918A00C53351 /* AppDelegate.swift */; };
		B1B6D6AD207F918A00C53351 /* MainVC.swift in Sources */ = {isa = PBXBuildFile; fileRef = B1B6D6AC207F918A00C53351 /* MainVC.swift */; };
		B1B6D6B0207F918A00C53351 /* Main.storyboard in Resources */ = {isa = PBXBuildFile; fileRef = B1B6D6AE207F918A00C53351 /* Main.storyboard */; };
		B1B6D6B2207F918A00C53351 /* Assets.xcassets in Resources */ = {isa = PBXBuildFile; fileRef = B1B6D6B1207F918A00C53351 /* Assets.xcassets */; };
		B1B6D6B5207F918A00C53351 /* LaunchScreen.storyboard in Resources */ = {isa = PBXBuildFile; fileRef = B1B6D6B3207F918A00C53351 /* LaunchScreen.storyboard */; };
		B1B6D6C0207F918A00C53351 /* FoursquareTests.swift in Sources */ = {isa = PBXBuildFile; fileRef = B1B6D6BF207F918A00C53351 /* FoursquareTests.swift */; };
		B1B6D6CB207F918A00C53351 /* FoursquareUITests.swift in Sources */ = {isa = PBXBuildFile; fileRef = B1B6D6CA207F918A00C53351 /* FoursquareUITests.swift */; };
		CDDC32AE2D46BD3510D64251 /* Pods_Foursquare.framework in Frameworks */ = {isa = PBXBuildFile; fileRef = A05C32E3D9964737A0480C92 /* Pods_Foursquare.framework */; };
		EDB314A18BF1BEF630607AB9 /* Pods_FoursquareUITests.framework in Frameworks */ = {isa = PBXBuildFile; fileRef = 8581324D6F85108E11F4B584 /* Pods_FoursquareUITests.framework */; };
/* End PBXBuildFile section */

/* Begin PBXContainerItemProxy section */
		B1B6D6BC207F918A00C53351 /* PBXContainerItemProxy */ = {
			isa = PBXContainerItemProxy;
			containerPortal = B1B6D69F207F918A00C53351 /* Project object */;
			proxyType = 1;
			remoteGlobalIDString = B1B6D6A6207F918A00C53351;
			remoteInfo = Foursquare;
		};
		B1B6D6C7207F918A00C53351 /* PBXContainerItemProxy */ = {
			isa = PBXContainerItemProxy;
			containerPortal = B1B6D69F207F918A00C53351 /* Project object */;
			proxyType = 1;
			remoteGlobalIDString = B1B6D6A6207F918A00C53351;
			remoteInfo = Foursquare;
		};
/* End PBXContainerItemProxy section */

/* Begin PBXFileReference section */
		2001AA8808CE13A65386BE35 /* Pods-FoursquareTests.release.xcconfig */ = {isa = PBXFileReference; includeInIndex = 1; lastKnownFileType = text.xcconfig; name = "Pods-FoursquareTests.release.xcconfig"; path = "Pods/Target Support Files/Pods-FoursquareTests/Pods-FoursquareTests.release.xcconfig"; sourceTree = "<group>"; };
		2DBF855E98FE4356FB49D1CE /* Pods-FoursquareUITests.release.xcconfig */ = {isa = PBXFileReference; includeInIndex = 1; lastKnownFileType = text.xcconfig; name = "Pods-FoursquareUITests.release.xcconfig"; path = "Pods/Target Support Files/Pods-FoursquareUITests/Pods-FoursquareUITests.release.xcconfig"; sourceTree = "<group>"; };
		6724D4A6E6B9C3CEC1FC2DB6 /* Pods-FoursquareUITests.debug.xcconfig */ = {isa = PBXFileReference; includeInIndex = 1; lastKnownFileType = text.xcconfig; name = "Pods-FoursquareUITests.debug.xcconfig"; path = "Pods/Target Support Files/Pods-FoursquareUITests/Pods-FoursquareUITests.debug.xcconfig"; sourceTree = "<group>"; };
		78608832D51F9CE1A243E793 /* Pods_FoursquareTests.framework */ = {isa = PBXFileReference; explicitFileType = wrapper.framework; includeInIndex = 0; path = Pods_FoursquareTests.framework; sourceTree = BUILT_PRODUCTS_DIR; };
		8581324D6F85108E11F4B584 /* Pods_FoursquareUITests.framework */ = {isa = PBXFileReference; explicitFileType = wrapper.framework; includeInIndex = 0; path = Pods_FoursquareUITests.framework; sourceTree = BUILT_PRODUCTS_DIR; };
		A05C32E3D9964737A0480C92 /* Pods_Foursquare.framework */ = {isa = PBXFileReference; explicitFileType = wrapper.framework; includeInIndex = 0; path = Pods_Foursquare.framework; sourceTree = BUILT_PRODUCTS_DIR; };
		ACAAF78ADCC1DA8945E76AD4 /* Pods-Foursquare.release.xcconfig */ = {isa = PBXFileReference; includeInIndex = 1; lastKnownFileType = text.xcconfig; name = "Pods-Foursquare.release.xcconfig"; path = "Pods/Target Support Files/Pods-Foursquare/Pods-Foursquare.release.xcconfig"; sourceTree = "<group>"; };
		B1B6D6A7207F918A00C53351 /* Foursquare.app */ = {isa = PBXFileReference; explicitFileType = wrapper.application; includeInIndex = 0; path = Foursquare.app; sourceTree = BUILT_PRODUCTS_DIR; };
		B1B6D6AA207F918A00C53351 /* AppDelegate.swift */ = {isa = PBXFileReference; lastKnownFileType = sourcecode.swift; path = AppDelegate.swift; sourceTree = "<group>"; };
		B1B6D6AC207F918A00C53351 /* MainVC.swift */ = {isa = PBXFileReference; lastKnownFileType = sourcecode.swift; path = MainVC.swift; sourceTree = "<group>"; };
		B1B6D6AF207F918A00C53351 /* Base */ = {isa = PBXFileReference; lastKnownFileType = file.storyboard; name = Base; path = Base.lproj/Main.storyboard; sourceTree = "<group>"; };
		B1B6D6B1207F918A00C53351 /* Assets.xcassets */ = {isa = PBXFileReference; lastKnownFileType = folder.assetcatalog; path = Assets.xcassets; sourceTree = "<group>"; };
		B1B6D6B4207F918A00C53351 /* Base */ = {isa = PBXFileReference; lastKnownFileType = file.storyboard; name = Base; path = Base.lproj/LaunchScreen.storyboard; sourceTree = "<group>"; };
		B1B6D6B6207F918A00C53351 /* Info.plist */ = {isa = PBXFileReference; lastKnownFileType = text.plist.xml; path = Info.plist; sourceTree = "<group>"; };
		B1B6D6BB207F918A00C53351 /* FoursquareTests.xctest */ = {isa = PBXFileReference; explicitFileType = wrapper.cfbundle; includeInIndex = 0; path = FoursquareTests.xctest; sourceTree = BUILT_PRODUCTS_DIR; };
		B1B6D6BF207F918A00C53351 /* FoursquareTests.swift */ = {isa = PBXFileReference; lastKnownFileType = sourcecode.swift; path = FoursquareTests.swift; sourceTree = "<group>"; };
		B1B6D6C1207F918A00C53351 /* Info.plist */ = {isa = PBXFileReference; lastKnownFileType = text.plist.xml; path = Info.plist; sourceTree = "<group>"; };
		B1B6D6C6207F918A00C53351 /* FoursquareUITests.xctest */ = {isa = PBXFileReference; explicitFileType = wrapper.cfbundle; includeInIndex = 0; path = FoursquareUITests.xctest; sourceTree = BUILT_PRODUCTS_DIR; };
		B1B6D6CA207F918A00C53351 /* FoursquareUITests.swift */ = {isa = PBXFileReference; lastKnownFileType = sourcecode.swift; path = FoursquareUITests.swift; sourceTree = "<group>"; };
		B1B6D6CC207F918A00C53351 /* Info.plist */ = {isa = PBXFileReference; lastKnownFileType = text.plist.xml; path = Info.plist; sourceTree = "<group>"; };
		ED0DAF3ED1500E6B66598B04 /* Pods-FoursquareTests.debug.xcconfig */ = {isa = PBXFileReference; includeInIndex = 1; lastKnownFileType = text.xcconfig; name = "Pods-FoursquareTests.debug.xcconfig"; path = "Pods/Target Support Files/Pods-FoursquareTests/Pods-FoursquareTests.debug.xcconfig"; sourceTree = "<group>"; };
		FAF6DF66FE65D52CC7F2F437 /* Pods-Foursquare.debug.xcconfig */ = {isa = PBXFileReference; includeInIndex = 1; lastKnownFileType = text.xcconfig; name = "Pods-Foursquare.debug.xcconfig"; path = "Pods/Target Support Files/Pods-Foursquare/Pods-Foursquare.debug.xcconfig"; sourceTree = "<group>"; };
/* End PBXFileReference section */

/* Begin PBXFrameworksBuildPhase section */
		B1B6D6A4207F918A00C53351 /* Frameworks */ = {
			isa = PBXFrameworksBuildPhase;
			buildActionMask = 2147483647;
			files = (
				CDDC32AE2D46BD3510D64251 /* Pods_Foursquare.framework in Frameworks */,
			);
			runOnlyForDeploymentPostprocessing = 0;
		};
		B1B6D6B8207F918A00C53351 /* Frameworks */ = {
			isa = PBXFrameworksBuildPhase;
			buildActionMask = 2147483647;
			files = (
				35502D13740AB791B9EAA5BC /* Pods_FoursquareTests.framework in Frameworks */,
			);
			runOnlyForDeploymentPostprocessing = 0;
		};
		B1B6D6C3207F918A00C53351 /* Frameworks */ = {
			isa = PBXFrameworksBuildPhase;
			buildActionMask = 2147483647;
			files = (
				EDB314A18BF1BEF630607AB9 /* Pods_FoursquareUITests.framework in Frameworks */,
			);
			runOnlyForDeploymentPostprocessing = 0;
		};
/* End PBXFrameworksBuildPhase section */

/* Begin PBXGroup section */
		B1B6D69E207F918A00C53351 = {
			isa = PBXGroup;
			children = (
				B1B6D6A9207F918A00C53351 /* Foursquare */,
				B1B6D6BE207F918A00C53351 /* FoursquareTests */,
				B1B6D6C9207F918A00C53351 /* FoursquareUITests */,
				B1B6D6A8207F918A00C53351 /* Products */,
				C30207CCA394DD9E358C87EA /* Pods */,
				CFC8E683D77CF81DEACE5637 /* Frameworks */,
			);
			sourceTree = "<group>";
		};
		B1B6D6A8207F918A00C53351 /* Products */ = {
			isa = PBXGroup;
			children = (
				B1B6D6A7207F918A00C53351 /* Foursquare.app */,
				B1B6D6BB207F918A00C53351 /* FoursquareTests.xctest */,
				B1B6D6C6207F918A00C53351 /* FoursquareUITests.xctest */,
			);
			name = Products;
			sourceTree = "<group>";
		};
		B1B6D6A9207F918A00C53351 /* Foursquare */ = {
			isa = PBXGroup;
			children = (
				B1B6D6AA207F918A00C53351 /* AppDelegate.swift */,
				B1B6D6AC207F918A00C53351 /* MainVC.swift */,
				B1B6D6AE207F918A00C53351 /* Main.storyboard */,
				B1B6D6B1207F918A00C53351 /* Assets.xcassets */,
				B1B6D6B3207F918A00C53351 /* LaunchScreen.storyboard */,
				B1B6D6B6207F918A00C53351 /* Info.plist */,
			);
			path = Foursquare;
			sourceTree = "<group>";
		};
		B1B6D6BE207F918A00C53351 /* FoursquareTests */ = {
			isa = PBXGroup;
			children = (
				B1B6D6BF207F918A00C53351 /* FoursquareTests.swift */,
				B1B6D6C1207F918A00C53351 /* Info.plist */,
			);
			path = FoursquareTests;
			sourceTree = "<group>";
		};
		B1B6D6C9207F918A00C53351 /* FoursquareUITests */ = {
			isa = PBXGroup;
			children = (
				B1B6D6CA207F918A00C53351 /* FoursquareUITests.swift */,
				B1B6D6CC207F918A00C53351 /* Info.plist */,
			);
			path = FoursquareUITests;
			sourceTree = "<group>";
		};
		C30207CCA394DD9E358C87EA /* Pods */ = {
			isa = PBXGroup;
			children = (
				FAF6DF66FE65D52CC7F2F437 /* Pods-Foursquare.debug.xcconfig */,
				ACAAF78ADCC1DA8945E76AD4 /* Pods-Foursquare.release.xcconfig */,
				ED0DAF3ED1500E6B66598B04 /* Pods-FoursquareTests.debug.xcconfig */,
				2001AA8808CE13A65386BE35 /* Pods-FoursquareTests.release.xcconfig */,
				6724D4A6E6B9C3CEC1FC2DB6 /* Pods-FoursquareUITests.debug.xcconfig */,
				2DBF855E98FE4356FB49D1CE /* Pods-FoursquareUITests.release.xcconfig */,
			);
			name = Pods;
			sourceTree = "<group>";
		};
		CFC8E683D77CF81DEACE5637 /* Frameworks */ = {
			isa = PBXGroup;
			children = (
				A05C32E3D9964737A0480C92 /* Pods_Foursquare.framework */,
				78608832D51F9CE1A243E793 /* Pods_FoursquareTests.framework */,
				8581324D6F85108E11F4B584 /* Pods_FoursquareUITests.framework */,
			);
			name = Frameworks;
			sourceTree = "<group>";
		};
/* End PBXGroup section */

/* Begin PBXNativeTarget section */
		B1B6D6A6207F918A00C53351 /* Foursquare */ = {
			isa = PBXNativeTarget;
			buildConfigurationList = B1B6D6CF207F918A00C53351 /* Build configuration list for PBXNativeTarget "Foursquare" */;
			buildPhases = (
				271631A6DF9F9A5D62C51026 /* [CP] Check Pods Manifest.lock */,
				B1B6D6A3207F918A00C53351 /* Sources */,
				B1B6D6A4207F918A00C53351 /* Frameworks */,
				B1B6D6A5207F918A00C53351 /* Resources */,
				F965B257F207BD745D3D4F22 /* [CP] Embed Pods Frameworks */,
				FC3A1A6020A8CD6EF50AECCD /* [CP] Copy Pods Resources */,
			);
			buildRules = (
			);
			dependencies = (
			);
			name = Foursquare;
			productName = Foursquare;
			productReference = B1B6D6A7207F918A00C53351 /* Foursquare.app */;
			productType = "com.apple.product-type.application";
		};
		B1B6D6BA207F918A00C53351 /* FoursquareTests */ = {
			isa = PBXNativeTarget;
			buildConfigurationList = B1B6D6D2207F918A00C53351 /* Build configuration list for PBXNativeTarget "FoursquareTests" */;
			buildPhases = (
				8207E00DCAA5D0B201B40F47 /* [CP] Check Pods Manifest.lock */,
				B1B6D6B7207F918A00C53351 /* Sources */,
				B1B6D6B8207F918A00C53351 /* Frameworks */,
				B1B6D6B9207F918A00C53351 /* Resources */,
				376063A1BAFB05B556C66C76 /* [CP] Embed Pods Frameworks */,
				4DE89905D0EA1B596AC8F83F /* [CP] Copy Pods Resources */,
			);
			buildRules = (
			);
			dependencies = (
				B1B6D6BD207F918A00C53351 /* PBXTargetDependency */,
			);
			name = FoursquareTests;
			productName = FoursquareTests;
			productReference = B1B6D6BB207F918A00C53351 /* FoursquareTests.xctest */;
			productType = "com.apple.product-type.bundle.unit-test";
		};
		B1B6D6C5207F918A00C53351 /* FoursquareUITests */ = {
			isa = PBXNativeTarget;
			buildConfigurationList = B1B6D6D5207F918A00C53351 /* Build configuration list for PBXNativeTarget "FoursquareUITests" */;
			buildPhases = (
				D41E393063E662A621320B51 /* [CP] Check Pods Manifest.lock */,
				B1B6D6C2207F918A00C53351 /* Sources */,
				B1B6D6C3207F918A00C53351 /* Frameworks */,
				B1B6D6C4207F918A00C53351 /* Resources */,
				6328DC7E2EC809E60E41C354 /* [CP] Embed Pods Frameworks */,
				1C6F51076C68C517B3B70256 /* [CP] Copy Pods Resources */,
			);
			buildRules = (
			);
			dependencies = (
				B1B6D6C8207F918A00C53351 /* PBXTargetDependency */,
			);
			name = FoursquareUITests;
			productName = FoursquareUITests;
			productReference = B1B6D6C6207F918A00C53351 /* FoursquareUITests.xctest */;
			productType = "com.apple.product-type.bundle.ui-testing";
		};
/* End PBXNativeTarget section */

/* Begin PBXProject section */
		B1B6D69F207F918A00C53351 /* Project object */ = {
			isa = PBXProject;
			attributes = {
				LastSwiftUpdateCheck = 0920;
				LastUpgradeCheck = 0920;
				ORGANIZATIONNAME = VJ;
				TargetAttributes = {
					B1B6D6A6207F918A00C53351 = {
						CreatedOnToolsVersion = 9.2;
						ProvisioningStyle = Automatic;
					};
					B1B6D6BA207F918A00C53351 = {
						CreatedOnToolsVersion = 9.2;
						ProvisioningStyle = Automatic;
						TestTargetID = B1B6D6A6207F918A00C53351;
					};
					B1B6D6C5207F918A00C53351 = {
						CreatedOnToolsVersion = 9.2;
						ProvisioningStyle = Automatic;
						TestTargetID = B1B6D6A6207F918A00C53351;
					};
				};
			};
			buildConfigurationList = B1B6D6A2207F918A00C53351 /* Build configuration list for PBXProject "Foursquare" */;
			compatibilityVersion = "Xcode 8.0";
			developmentRegion = en;
			hasScannedForEncodings = 0;
			knownRegions = (
				en,
				Base,
			);
			mainGroup = B1B6D69E207F918A00C53351;
			productRefGroup = B1B6D6A8207F918A00C53351 /* Products */;
			projectDirPath = "";
			projectRoot = "";
			targets = (
				B1B6D6A6207F918A00C53351 /* Foursquare */,
				B1B6D6BA207F918A00C53351 /* FoursquareTests */,
				B1B6D6C5207F918A00C53351 /* FoursquareUITests */,
			);
		};
/* End PBXProject section */

/* Begin PBXResourcesBuildPhase section */
		B1B6D6A5207F918A00C53351 /* Resources */ = {
			isa = PBXResourcesBuildPhase;
			buildActionMask = 2147483647;
			files = (
				B1B6D6B5207F918A00C53351 /* LaunchScreen.storyboard in Resources */,
				B1B6D6B2207F918A00C53351 /* Assets.xcassets in Resources */,
				B1B6D6B0207F918A00C53351 /* Main.storyboard in Resources */,
			);
			runOnlyForDeploymentPostprocessing = 0;
		};
		B1B6D6B9207F918A00C53351 /* Resources */ = {
			isa = PBXResourcesBuildPhase;
			buildActionMask = 2147483647;
			files = (
			);
			runOnlyForDeploymentPostprocessing = 0;
		};
		B1B6D6C4207F918A00C53351 /* Resources */ = {
			isa = PBXResourcesBuildPhase;
			buildActionMask = 2147483647;
			files = (
			);
			runOnlyForDeploymentPostprocessing = 0;
		};
/* End PBXResourcesBuildPhase section */

/* Begin PBXShellScriptBuildPhase section */
		1C6F51076C68C517B3B70256 /* [CP] Copy Pods Resources */ = {
			isa = PBXShellScriptBuildPhase;
			buildActionMask = 2147483647;
			files = (
			);
			inputPaths = (
			);
			name = "[CP] Copy Pods Resources";
			outputPaths = (
			);
			runOnlyForDeploymentPostprocessing = 0;
			shellPath = /bin/sh;
			shellScript = "\"${SRCROOT}/Pods/Target Support Files/Pods-FoursquareUITests/Pods-FoursquareUITests-resources.sh\"\n";
			showEnvVarsInLog = 0;
		};
		271631A6DF9F9A5D62C51026 /* [CP] Check Pods Manifest.lock */ = {
			isa = PBXShellScriptBuildPhase;
			buildActionMask = 2147483647;
			files = (
			);
			inputPaths = (
				"${PODS_PODFILE_DIR_PATH}/Podfile.lock",
				"${PODS_ROOT}/Manifest.lock",
			);
			name = "[CP] Check Pods Manifest.lock";
			outputPaths = (
				"$(DERIVED_FILE_DIR)/Pods-Foursquare-checkManifestLockResult.txt",
			);
			runOnlyForDeploymentPostprocessing = 0;
			shellPath = /bin/sh;
			shellScript = "diff \"${PODS_PODFILE_DIR_PATH}/Podfile.lock\" \"${PODS_ROOT}/Manifest.lock\" > /dev/null\nif [ $? != 0 ] ; then\n    # print error to STDERR\n    echo \"error: The sandbox is not in sync with the Podfile.lock. Run 'pod install' or update your CocoaPods installation.\" >&2\n    exit 1\nfi\n# This output is used by Xcode 'outputs' to avoid re-running this script phase.\necho \"SUCCESS\" > \"${SCRIPT_OUTPUT_FILE_0}\"\n";
			showEnvVarsInLog = 0;
		};
		376063A1BAFB05B556C66C76 /* [CP] Embed Pods Frameworks */ = {
			isa = PBXShellScriptBuildPhase;
			buildActionMask = 2147483647;
			files = (
			);
			inputPaths = (
			);
			name = "[CP] Embed Pods Frameworks";
			outputPaths = (
			);
			runOnlyForDeploymentPostprocessing = 0;
			shellPath = /bin/sh;
			shellScript = "\"${SRCROOT}/Pods/Target Support Files/Pods-FoursquareTests/Pods-FoursquareTests-frameworks.sh\"\n";
			showEnvVarsInLog = 0;
		};
		4DE89905D0EA1B596AC8F83F /* [CP] Copy Pods Resources */ = {
			isa = PBXShellScriptBuildPhase;
			buildActionMask = 2147483647;
			files = (
			);
			inputPaths = (
			);
			name = "[CP] Copy Pods Resources";
			outputPaths = (
			);
			runOnlyForDeploymentPostprocessing = 0;
			shellPath = /bin/sh;
			shellScript = "\"${SRCROOT}/Pods/Target Support Files/Pods-FoursquareTests/Pods-FoursquareTests-resources.sh\"\n";
			showEnvVarsInLog = 0;
		};
		6328DC7E2EC809E60E41C354 /* [CP] Embed Pods Frameworks */ = {
			isa = PBXShellScriptBuildPhase;
			buildActionMask = 2147483647;
			files = (
			);
			inputPaths = (
			);
			name = "[CP] Embed Pods Frameworks";
			outputPaths = (
			);
			runOnlyForDeploymentPostprocessing = 0;
			shellPath = /bin/sh;
			shellScript = "\"${SRCROOT}/Pods/Target Support Files/Pods-FoursquareUITests/Pods-FoursquareUITests-frameworks.sh\"\n";
			showEnvVarsInLog = 0;
		};
		8207E00DCAA5D0B201B40F47 /* [CP] Check Pods Manifest.lock */ = {
			isa = PBXShellScriptBuildPhase;
			buildActionMask = 2147483647;
			files = (
			);
			inputPaths = (
				"${PODS_PODFILE_DIR_PATH}/Podfile.lock",
				"${PODS_ROOT}/Manifest.lock",
			);
			name = "[CP] Check Pods Manifest.lock";
			outputPaths = (
				"$(DERIVED_FILE_DIR)/Pods-FoursquareTests-checkManifestLockResult.txt",
			);
			runOnlyForDeploymentPostprocessing = 0;
			shellPath = /bin/sh;
			shellScript = "diff \"${PODS_PODFILE_DIR_PATH}/Podfile.lock\" \"${PODS_ROOT}/Manifest.lock\" > /dev/null\nif [ $? != 0 ] ; then\n    # print error to STDERR\n    echo \"error: The sandbox is not in sync with the Podfile.lock. Run 'pod install' or update your CocoaPods installation.\" >&2\n    exit 1\nfi\n# This output is used by Xcode 'outputs' to avoid re-running this script phase.\necho \"SUCCESS\" > \"${SCRIPT_OUTPUT_FILE_0}\"\n";
			showEnvVarsInLog = 0;
		};
		D41E393063E662A621320B51 /* [CP] Check Pods Manifest.lock */ = {
			isa = PBXShellScriptBuildPhase;
			buildActionMask = 2147483647;
			files = (
			);
			inputPaths = (
				"${PODS_PODFILE_DIR_PATH}/Podfile.lock",
				"${PODS_ROOT}/Manifest.lock",
			);
			name = "[CP] Check Pods Manifest.lock";
			outputPaths = (
				"$(DERIVED_FILE_DIR)/Pods-FoursquareUITests-checkManifestLockResult.txt",
			);
			runOnlyForDeploymentPostprocessing = 0;
			shellPath = /bin/sh;
			shellScript = "diff \"${PODS_PODFILE_DIR_PATH}/Podfile.lock\" \"${PODS_ROOT}/Manifest.lock\" > /dev/null\nif [ $? != 0 ] ; then\n    # print error to STDERR\n    echo \"error: The sandbox is not in sync with the Podfile.lock. Run 'pod install' or update your CocoaPods installation.\" >&2\n    exit 1\nfi\n# This output is used by Xcode 'outputs' to avoid re-running this script phase.\necho \"SUCCESS\" > \"${SCRIPT_OUTPUT_FILE_0}\"\n";
			showEnvVarsInLog = 0;
		};
		F965B257F207BD745D3D4F22 /* [CP] Embed Pods Frameworks */ = {
			isa = PBXShellScriptBuildPhase;
			buildActionMask = 2147483647;
			files = (
			);
			inputPaths = (
				"${SRCROOT}/Pods/Target Support Files/Pods-Foursquare/Pods-Foursquare-frameworks.sh",
				"${BUILT_PRODUCTS_DIR}/Alamofire/Alamofire.framework",
			);
			name = "[CP] Embed Pods Frameworks";
			outputPaths = (
				"${TARGET_BUILD_DIR}/${FRAMEWORKS_FOLDER_PATH}/Alamofire.framework",
			);
			runOnlyForDeploymentPostprocessing = 0;
			shellPath = /bin/sh;
			shellScript = "\"${SRCROOT}/Pods/Target Support Files/Pods-Foursquare/Pods-Foursquare-frameworks.sh\"\n";
			showEnvVarsInLog = 0;
		};
		FC3A1A6020A8CD6EF50AECCD /* [CP] Copy Pods Resources */ = {
			isa = PBXShellScriptBuildPhase;
			buildActionMask = 2147483647;
			files = (
			);
			inputPaths = (
			);
			name = "[CP] Copy Pods Resources";
			outputPaths = (
			);
			runOnlyForDeploymentPostprocessing = 0;
			shellPath = /bin/sh;
			shellScript = "\"${SRCROOT}/Pods/Target Support Files/Pods-Foursquare/Pods-Foursquare-resources.sh\"\n";
			showEnvVarsInLog = 0;
		};
/* End PBXShellScriptBuildPhase section */

/* Begin PBXSourcesBuildPhase section */
		B1B6D6A3207F918A00C53351 /* Sources */ = {
			isa = PBXSourcesBuildPhase;
			buildActionMask = 2147483647;
			files = (
				B1B6D6AD207F918A00C53351 /* MainVC.swift in Sources */,
				B1B6D6AB207F918A00C53351 /* AppDelegate.swift in Sources */,
			);
			runOnlyForDeploymentPostprocessing = 0;
		};
		B1B6D6B7207F918A00C53351 /* Sources */ = {
			isa = PBXSourcesBuildPhase;
			buildActionMask = 2147483647;
			files = (
				B1B6D6C0207F918A00C53351 /* FoursquareTests.swift in Sources */,
			);
			runOnlyForDeploymentPostprocessing = 0;
		};
		B1B6D6C2207F918A00C53351 /* Sources */ = {
			isa = PBXSourcesBuildPhase;
			buildActionMask = 2147483647;
			files = (
				B1B6D6CB207F918A00C53351 /* FoursquareUITests.swift in Sources */,
			);
			runOnlyForDeploymentPostprocessing = 0;
		};
/* End PBXSourcesBuildPhase section */

/* Begin PBXTargetDependency section */
		B1B6D6BD207F918A00C53351 /* PBXTargetDependency */ = {
			isa = PBXTargetDependency;
			target = B1B6D6A6207F918A00C53351 /* Foursquare */;
			targetProxy = B1B6D6BC207F918A00C53351 /* PBXContainerItemProxy */;
		};
		B1B6D6C8207F918A00C53351 /* PBXTargetDependency */ = {
			isa = PBXTargetDependency;
			target = B1B6D6A6207F918A00C53351 /* Foursquare */;
			targetProxy = B1B6D6C7207F918A00C53351 /* PBXContainerItemProxy */;
		};
/* End PBXTargetDependency section */

/* Begin PBXVariantGroup section */
		B1B6D6AE207F918A00C53351 /* Main.storyboard */ = {
			isa = PBXVariantGroup;
			children = (
				B1B6D6AF207F918A00C53351 /* Base */,
			);
			name = Main.storyboard;
			sourceTree = "<group>";
		};
		B1B6D6B3207F918A00C53351 /* LaunchScreen.storyboard */ = {
			isa = PBXVariantGroup;
			children = (
				B1B6D6B4207F918A00C53351 /* Base */,
			);
			name = LaunchScreen.storyboard;
			sourceTree = "<group>";
		};
/* End PBXVariantGroup section */

/* Begin XCBuildConfiguration section */
		B1B6D6CD207F918A00C53351 /* Debug */ = {
			isa = XCBuildConfiguration;
			buildSettings = {
				ALWAYS_SEARCH_USER_PATHS = NO;
				CLANG_ANALYZER_NONNULL = YES;
				CLANG_ANALYZER_NUMBER_OBJECT_CONVERSION = YES_AGGRESSIVE;
				CLANG_CXX_LANGUAGE_STANDARD = "gnu++14";
				CLANG_CXX_LIBRARY = "libc++";
				CLANG_ENABLE_MODULES = YES;
				CLANG_ENABLE_OBJC_ARC = YES;
				CLANG_WARN_BLOCK_CAPTURE_AUTORELEASING = YES;
				CLANG_WARN_BOOL_CONVERSION = YES;
				CLANG_WARN_COMMA = YES;
				CLANG_WARN_CONSTANT_CONVERSION = YES;
				CLANG_WARN_DIRECT_OBJC_ISA_USAGE = YES_ERROR;
				CLANG_WARN_DOCUMENTATION_COMMENTS = YES;
				CLANG_WARN_EMPTY_BODY = YES;
				CLANG_WARN_ENUM_CONVERSION = YES;
				CLANG_WARN_INFINITE_RECURSION = YES;
				CLANG_WARN_INT_CONVERSION = YES;
				CLANG_WARN_NON_LITERAL_NULL_CONVERSION = YES;
				CLANG_WARN_OBJC_LITERAL_CONVERSION = YES;
				CLANG_WARN_OBJC_ROOT_CLASS = YES_ERROR;
				CLANG_WARN_RANGE_LOOP_ANALYSIS = YES;
				CLANG_WARN_STRICT_PROTOTYPES = YES;
				CLANG_WARN_SUSPICIOUS_MOVE = YES;
				CLANG_WARN_UNGUARDED_AVAILABILITY = YES_AGGRESSIVE;
				CLANG_WARN_UNREACHABLE_CODE = YES;
				CLANG_WARN__DUPLICATE_METHOD_MATCH = YES;
				CODE_SIGN_IDENTITY = "iPhone Developer";
				COPY_PHASE_STRIP = NO;
				DEBUG_INFORMATION_FORMAT = dwarf;
				ENABLE_STRICT_OBJC_MSGSEND = YES;
				ENABLE_TESTABILITY = YES;
				GCC_C_LANGUAGE_STANDARD = gnu11;
				GCC_DYNAMIC_NO_PIC = NO;
				GCC_NO_COMMON_BLOCKS = YES;
				GCC_OPTIMIZATION_LEVEL = 0;
				GCC_PREPROCESSOR_DEFINITIONS = (
					"DEBUG=1",
					"$(inherited)",
				);
				GCC_WARN_64_TO_32_BIT_CONVERSION = YES;
				GCC_WARN_ABOUT_RETURN_TYPE = YES_ERROR;
				GCC_WARN_UNDECLARED_SELECTOR = YES;
				GCC_WARN_UNINITIALIZED_AUTOS = YES_AGGRESSIVE;
				GCC_WARN_UNUSED_FUNCTION = YES;
				GCC_WARN_UNUSED_VARIABLE = YES;
				IPHONEOS_DEPLOYMENT_TARGET = 11.2;
				MTL_ENABLE_DEBUG_INFO = YES;
				ONLY_ACTIVE_ARCH = YES;
				SDKROOT = iphoneos;
				SWIFT_ACTIVE_COMPILATION_CONDITIONS = DEBUG;
				SWIFT_OPTIMIZATION_LEVEL = "-Onone";
			};
			name = Debug;
		};
		B1B6D6CE207F918A00C53351 /* Release */ = {
			isa = XCBuildConfiguration;
			buildSettings = {
				ALWAYS_SEARCH_USER_PATHS = NO;
				CLANG_ANALYZER_NONNULL = YES;
				CLANG_ANALYZER_NUMBER_OBJECT_CONVERSION = YES_AGGRESSIVE;
				CLANG_CXX_LANGUAGE_STANDARD = "gnu++14";
				CLANG_CXX_LIBRARY = "libc++";
				CLANG_ENABLE_MODULES = YES;
				CLANG_ENABLE_OBJC_ARC = YES;
				CLANG_WARN_BLOCK_CAPTURE_AUTORELEASING = YES;
				CLANG_WARN_BOOL_CONVERSION = YES;
				CLANG_WARN_COMMA = YES;
				CLANG_WARN_CONSTANT_CONVERSION = YES;
				CLANG_WARN_DIRECT_OBJC_ISA_USAGE = YES_ERROR;
				CLANG_WARN_DOCUMENTATION_COMMENTS = YES;
				CLANG_WARN_EMPTY_BODY = YES;
				CLANG_WARN_ENUM_CONVERSION = YES;
				CLANG_WARN_INFINITE_RECURSION = YES;
				CLANG_WARN_INT_CONVERSION = YES;
				CLANG_WARN_NON_LITERAL_NULL_CONVERSION = YES;
				CLANG_WARN_OBJC_LITERAL_CONVERSION = YES;
				CLANG_WARN_OBJC_ROOT_CLASS = YES_ERROR;
				CLANG_WARN_RANGE_LOOP_ANALYSIS = YES;
				CLANG_WARN_STRICT_PROTOTYPES = YES;
				CLANG_WARN_SUSPICIOUS_MOVE = YES;
				CLANG_WARN_UNGUARDED_AVAILABILITY = YES_AGGRESSIVE;
				CLANG_WARN_UNREACHABLE_CODE = YES;
				CLANG_WARN__DUPLICATE_METHOD_MATCH = YES;
				CODE_SIGN_IDENTITY = "iPhone Developer";
				COPY_PHASE_STRIP = NO;
				DEBUG_INFORMATION_FORMAT = "dwarf-with-dsym";
				ENABLE_NS_ASSERTIONS = NO;
				ENABLE_STRICT_OBJC_MSGSEND = YES;
				GCC_C_LANGUAGE_STANDARD = gnu11;
				GCC_NO_COMMON_BLOCKS = YES;
				GCC_WARN_64_TO_32_BIT_CONVERSION = YES;
				GCC_WARN_ABOUT_RETURN_TYPE = YES_ERROR;
				GCC_WARN_UNDECLARED_SELECTOR = YES;
				GCC_WARN_UNINITIALIZED_AUTOS = YES_AGGRESSIVE;
				GCC_WARN_UNUSED_FUNCTION = YES;
				GCC_WARN_UNUSED_VARIABLE = YES;
				IPHONEOS_DEPLOYMENT_TARGET = 11.2;
				MTL_ENABLE_DEBUG_INFO = NO;
				SDKROOT = iphoneos;
				SWIFT_OPTIMIZATION_LEVEL = "-Owholemodule";
				VALIDATE_PRODUCT = YES;
			};
			name = Release;
		};
		B1B6D6D0207F918A00C53351 /* Debug */ = {
			isa = XCBuildConfiguration;
			baseConfigurationReference = FAF6DF66FE65D52CC7F2F437 /* Pods-Foursquare.debug.xcconfig */;
			buildSettings = {
				ASSETCATALOG_COMPILER_APPICON_NAME = AppIcon;
				CODE_SIGN_STYLE = Automatic;
				DEVELOPMENT_TEAM = S36HB6FKNT;
				INFOPLIST_FILE = Foursquare/Info.plist;
				IPHONEOS_DEPLOYMENT_TARGET = 10.0;
				LD_RUNPATH_SEARCH_PATHS = "$(inherited) @executable_path/Frameworks";
				PRODUCT_BUNDLE_IDENTIFIER = com.vj.Foursquare;
				PRODUCT_NAME = "$(TARGET_NAME)";
				SWIFT_VERSION = 4.0;
				TARGETED_DEVICE_FAMILY = "1,2";
			};
			name = Debug;
		};
		B1B6D6D1207F918A00C53351 /* Release */ = {
			isa = XCBuildConfiguration;
			baseConfigurationReference = ACAAF78ADCC1DA8945E76AD4 /* Pods-Foursquare.release.xcconfig */;
			buildSettings = {
				ASSETCATALOG_COMPILER_APPICON_NAME = AppIcon;
				CODE_SIGN_STYLE = Automatic;
				DEVELOPMENT_TEAM = S36HB6FKNT;
				INFOPLIST_FILE = Foursquare/Info.plist;
				IPHONEOS_DEPLOYMENT_TARGET = 10.0;
				LD_RUNPATH_SEARCH_PATHS = "$(inherited) @executable_path/Frameworks";
				PRODUCT_BUNDLE_IDENTIFIER = com.vj.Foursquare;
				PRODUCT_NAME = "$(TARGET_NAME)";
				SWIFT_VERSION = 4.0;
				TARGETED_DEVICE_FAMILY = "1,2";
			};
			name = Release;
		};
		B1B6D6D3207F918A00C53351 /* Debug */ = {
			isa = XCBuildConfiguration;
			baseConfigurationReference = ED0DAF3ED1500E6B66598B04 /* Pods-FoursquareTests.debug.xcconfig */;
			buildSettings = {
				ALWAYS_EMBED_SWIFT_STANDARD_LIBRARIES = YES;
				BUNDLE_LOADER = "$(TEST_HOST)";
				CODE_SIGN_STYLE = Automatic;
				DEVELOPMENT_TEAM = S36HB6FKNT;
				INFOPLIST_FILE = FoursquareTests/Info.plist;
				IPHONEOS_DEPLOYMENT_TARGET = 10.0;
				LD_RUNPATH_SEARCH_PATHS = "$(inherited) @executable_path/Frameworks @loader_path/Frameworks";
				PRODUCT_BUNDLE_IDENTIFIER = com.vj.FoursquareTests;
				PRODUCT_NAME = "$(TARGET_NAME)";
				SWIFT_VERSION = 4.0;
				TARGETED_DEVICE_FAMILY = "1,2";
				TEST_HOST = "$(BUILT_PRODUCTS_DIR)/Foursquare.app/Foursquare";
			};
			name = Debug;
		};
		B1B6D6D4207F918A00C53351 /* Release */ = {
			isa = XCBuildConfiguration;
			baseConfigurationReference = 2001AA8808CE13A65386BE35 /* Pods-FoursquareTests.release.xcconfig */;
			buildSettings = {
				ALWAYS_EMBED_SWIFT_STANDARD_LIBRARIES = YES;
				BUNDLE_LOADER = "$(TEST_HOST)";
				CODE_SIGN_STYLE = Automatic;
				DEVELOPMENT_TEAM = S36HB6FKNT;
				INFOPLIST_FILE = FoursquareTests/Info.plist;
				IPHONEOS_DEPLOYMENT_TARGET = 10.0;
				LD_RUNPATH_SEARCH_PATHS = "$(inherited) @executable_path/Frameworks @loader_path/Frameworks";
				PRODUCT_BUNDLE_IDENTIFIER = com.vj.FoursquareTests;
				PRODUCT_NAME = "$(TARGET_NAME)";
				SWIFT_VERSION = 4.0;
				TARGETED_DEVICE_FAMILY = "1,2";
				TEST_HOST = "$(BUILT_PRODUCTS_DIR)/Foursquare.app/Foursquare";
			};
			name = Release;
		};
		B1B6D6D6207F918A00C53351 /* Debug */ = {
			isa = XCBuildConfiguration;
			baseConfigurationReference = 6724D4A6E6B9C3CEC1FC2DB6 /* Pods-FoursquareUITests.debug.xcconfig */;
			buildSettings = {
				ALWAYS_EMBED_SWIFT_STANDARD_LIBRARIES = YES;
				CODE_SIGN_STYLE = Automatic;
				DEVELOPMENT_TEAM = S36HB6FKNT;
				INFOPLIST_FILE = FoursquareUITests/Info.plist;
				IPHONEOS_DEPLOYMENT_TARGET = 10.0;
				LD_RUNPATH_SEARCH_PATHS = "$(inherited) @executable_path/Frameworks @loader_path/Frameworks";
				PRODUCT_BUNDLE_IDENTIFIER = com.vj.FoursquareUITests;
				PRODUCT_NAME = "$(TARGET_NAME)";
				SWIFT_VERSION = 4.0;
				TARGETED_DEVICE_FAMILY = "1,2";
				TEST_TARGET_NAME = Foursquare;
			};
			name = Debug;
		};
		B1B6D6D7207F918A00C53351 /* Release */ = {
			isa = XCBuildConfiguration;
			baseConfigurationReference = 2DBF855E98FE4356FB49D1CE /* Pods-FoursquareUITests.release.xcconfig */;
			buildSettings = {
				ALWAYS_EMBED_SWIFT_STANDARD_LIBRARIES = YES;
				CODE_SIGN_STYLE = Automatic;
				DEVELOPMENT_TEAM = S36HB6FKNT;
				INFOPLIST_FILE = FoursquareUITests/Info.plist;
				IPHONEOS_DEPLOYMENT_TARGET = 10.0;
				LD_RUNPATH_SEARCH_PATHS = "$(inherited) @executable_path/Frameworks @loader_path/Frameworks";
				PRODUCT_BUNDLE_IDENTIFIER = com.vj.FoursquareUITests;
				PRODUCT_NAME = "$(TARGET_NAME)";
				SWIFT_VERSION = 4.0;
				TARGETED_DEVICE_FAMILY = "1,2";
				TEST_TARGET_NAME = Foursquare;
			};
			name = Release;
		};
/* End XCBuildConfiguration section */

/* Begin XCConfigurationList section */
		B1B6D6A2207F918A00C53351 /* Build configuration list for PBXProject "Foursquare" */ = {
			isa = XCConfigurationList;
			buildConfigurations = (
				B1B6D6CD207F918A00C53351 /* Debug */,
				B1B6D6CE207F918A00C53351 /* Release */,
			);
			defaultConfigurationIsVisible = 0;
			defaultConfigurationName = Release;
		};
		B1B6D6CF207F918A00C53351 /* Build configuration list for PBXNativeTarget "Foursquare" */ = {
			isa = XCConfigurationList;
			buildConfigurations = (
				B1B6D6D0207F918A00C53351 /* Debug */,
				B1B6D6D1207F918A00C53351 /* Release */,
			);
			defaultConfigurationIsVisible = 0;
			defaultConfigurationName = Release;
		};
		B1B6D6D2207F918A00C53351 /* Build configuration list for PBXNativeTarget "FoursquareTests" */ = {
			isa = XCConfigurationList;
			buildConfigurations = (
				B1B6D6D3207F918A00C53351 /* Debug */,
				B1B6D6D4207F918A00C53351 /* Release */,
			);
			defaultConfigurationIsVisible = 0;
			defaultConfigurationName = Release;
		};
		B1B6D6D5207F918A00C53351 /* Build configuration list for PBXNativeTarget "FoursquareUITests" */ = {
			isa = XCConfigurationList;
			buildConfigurations = (
				B1B6D6D6207F918A00C53351 /* Debug */,
				B1B6D6D7207F918A00C53351 /* Release */,
			);
			defaultConfigurationIsVisible = 0;
			defaultConfigurationName = Release;
		};
/* End XCConfigurationList section */
	};
	rootObject = B1B6D69F207F918A00C53351 /* Project object */;
}
